github.com/elastic/go-elasticsearch/v8 v8.0.0-20210519083322-55daf7425ecb h1:svC8T5+v+aWpWiTt3nsGfpdqVb4NIWK/WamGXXECBXA=
github.com/elastic/go-elasticsearch/v8 v8.0.0-20210519083322-55daf7425ecb/go.mod h1:xe9a/L2aeOgFKKgrO3ibQTnMdpAeL0GC+5/HpGScSa4=
github.com/openfaas/templates-sdk v0.0.0-20200723092016-0ebf61253625 h1:6JSt10GDCOw0F67bWnqZ6AYg92pbqCcchTu181aT1w0=
github.com/openfaas/templates-sdk v0.0.0-20200723092016-0ebf61253625/go.mod h1:JWcVHdzlHcR7nLuaDL88Mz68wOqDvOn0CLO6t27OMhk=
golang.org/x/crypto v0.0.0-20210314154223-e6e6c4f2bb5b h1:wSOdpTq0/eI46Ez/LkDwIsAKA71YP2SRKBODiRWM0as=
golang.org/x/crypto v0.0.0-20210314154223-e6e6c4f2bb5b/go.mod h1:T9bdIzuCu7OtxOm1hfPfRQxPLYneinmdGuTeoZ9dtd4=
golang.org/x/net v0.0.0-20210226172049-e18ecbb05110/go.mod h1:m0MpNAwzfU5UDzcl9v0D8zg8gWTRqZa9RBIspLL5mdg=
golang.org/x/sys v0.0.0-20201119102817-f84b799fce68/go.mod h1:h1NjWce9XRLGQEsW7wpKNCjG9DtNlClVuFLEZdDNbEs=
golang.org/x/term v0.0.0-20201126162022-7de9c90e9dd1/go.mod h1:bj7SfCRtBDWHUb9snDiAeCFNEtKQo2Wmx5Cou7ajbmo=
golang.org/x/text v0.3.3/go.mod h1:5Zoc/QRtKVWzQhOtBMvqHzDpF6irO9z98xDceosuGiQ=
golang.org/x/tools v0.0.0-20180917221912-90fa682c2a6e/go.mod h1:n7NCudcB/nEzxVGmLbDWY5pfWTLqBcC2KZ6jyYvM4mQ=
